
Microsoft Visual Studio Solution File, Format Version 12.00
# Visual Studio 15
VisualStudioVersion = 15.0.27703.2047
MinimumVisualStudioVersion = 10.0.40219.1
Project("{FAE04EC0-301F-11D3-BF4B-00C04F79EFBC}") = "FarmAnimals", "FarmAnimals\FarmAnimals.csproj", "{C169AF6A-2EBC-4B80-9E51-482AD0BD3ECE}"
EndProject
Global
	GlobalSection(SolutionConfigurationPlatforms) = preSolution
		Debug|Any CPU = Debug|Any CPU
		Release|Any CPU = Release|Any CPU
	EndGlobalSection
	GlobalSection(ProjectConfigurationPlatforms) = postSolution
		{C169AF6A-2EBC-4B80-9E51-482AD0BD3ECE}.Debug|Any CPU.ActiveCfg = Debug|Any CPU
		{C169AF6A-2EBC-4B80-9E51-482AD0BD3ECE}.Debug|Any CPU.Build.0 = Debug|Any CPU
		{C169AF6A-2EBC-4B80-9E51-482AD0BD3ECE}.Release|Any CPU.ActiveCfg = Release|Any CPU
		{C169AF6A-2EBC-4B80-9E51-482AD0BD3ECE}.Release|Any CPU.Build.0 = Release|Any CPU
	EndGlobalSection
	GlobalSection(SolutionProperties) = preSolution
		HideSolutionNode = FALSE
	EndGlobalSection
	GlobalSection(ExtensibilityGlobals) = postSolution
		SolutionGuid = {8A7E9837-7E87-412F-B225-0DD29737CD8B}
	EndGlobalSection
EndGlobal
